{
  "name": "n8n_playwright",
  "version": "0.1.0",
  "lockfileVersion": 2,
  "requires": true,
  "packages": {
    "": {
      "name": "n8n_playwright",
      "version": "0.1.0",
      "license": "ISC",
      "dependencies": {
        "@playwright/test": "^1.42.0"
      }
    },
    "node_modules/@playwright/test": {
      "version": "1.42.0",
      "resolved": "https://registry.npmjs.org/@playwright/test/-/test-1.42.0.tgz",
      "integrity": "sha512-PLACEHOLDER",
      "dev": true
    }
  },
  "dependencies": {
    "@playwright/test": {
      "version": "1.42.0",
      "resolved": "https://registry.npmjs.org/@playwright/test/-/test-1.42.0.tgz",
      "integrity": "sha512-PLACEHOLDER",
      "dev": true,
      "requires": {}
    }
  }
}
